
Microsoft Visual Studio Solution File, Format Version 11.00
# Visual Studio 2010
Project("{FAE04EC0-301F-11D3-BF4B-00C04F79EFBC}") = "ClassLibrary1", "ClassLibrary1.csproj", "{EEBCEE15-FBBD-46FA-AAB8-2B7502451B68}"
EndProject
Global
	GlobalSection(SolutionConfigurationPlatforms) = preSolution
		Debug|Any CPU = Debug|Any CPU
		Release|Any CPU = Release|Any CPU
	EndGlobalSection
	GlobalSection(ProjectConfigurationPlatforms) = postSolution
		{EEBCEE15-FBBD-46FA-AAB8-2B7502451B68}.Debug|Any CPU.ActiveCfg = Debug|Any CPU
		{EEBCEE15-FBBD-46FA-AAB8-2B7502451B68}.Debug|Any CPU.Build.0 = Debug|Any CPU
		{EEBCEE15-FBBD-46FA-AAB8-2B7502451B68}.Release|Any CPU.ActiveCfg = Release|Any CPU
		{EEBCEE15-FBBD-46FA-AAB8-2B7502451B68}.Release|Any CPU.Build.0 = Release|Any CPU
	EndGlobalSection
	GlobalSection(SolutionProperties) = preSolution
		HideSolutionNode = FALSE
	EndGlobalSection
EndGlobal
