
Microsoft Visual Studio Solution File, Format Version 12.00
# Visual Studio 15
VisualStudioVersion = 15.0.28010.2036
MinimumVisualStudioVersion = 10.0.40219.1
Project("{F184B08F-C81C-45F6-A57F-5ABD9991F28F}") = "LeptonicaSharp", "LeptonicaSharp.vbproj", "{5141B932-2D30-47A6-87A6-557FA5F4E6A7}"
EndProject
Project("{F184B08F-C81C-45F6-A57F-5ABD9991F28F}") = "TestApplication", "..\TestApplication\TestApplication.vbproj", "{49C59F6B-95E7-4545-BDE9-DE5446464B16}"
EndProject
Project("{FAE04EC0-301F-11D3-BF4B-00C04F79EFBC}") = "TestAppCSharp", "..\TestAppCSharp\TestAppCSharp.csproj", "{C1EBCAA4-69C4-4422-AA4E-DF6862E64A0F}"
EndProject
Project("{2150E333-8FDC-42A3-9474-1A3956D46DE8}") = "TestImages", "TestImages", "{07C1D3B5-DA80-4BB0-A0E8-6C1A1B638C99}"
	ProjectSection(SolutionItems) = preProject
		..\TestImages\1555.003.jpg = ..\TestImages\1555.003.jpg
		..\TestImages\1555.007.jpg = ..\TestImages\1555.007.jpg
		..\TestImages\19-colors.png = ..\TestImages\19-colors.png
		..\TestImages\amoris.2.150.jpg = ..\TestImages\amoris.2.150.jpg
		..\TestImages\aneurisms8.jpg = ..\TestImages\aneurisms8.jpg
		..\TestImages\arabic.png = ..\TestImages\arabic.png
		..\TestImages\arabic2.png = ..\TestImages\arabic2.png
		..\TestImages\barcode-128-300.png = ..\TestImages\barcode-128-300.png
		..\TestImages\barcode-2of5-300.png = ..\TestImages\barcode-2of5-300.png
		..\TestImages\barcode-39-300.png = ..\TestImages\barcode-39-300.png
		..\TestImages\barcode-93-300.png = ..\TestImages\barcode-93-300.png
		..\TestImages\barcode-codabar-300.png = ..\TestImages\barcode-codabar-300.png
		..\TestImages\barcode-digits.png = ..\TestImages\barcode-digits.png
		..\TestImages\barcode-i2of5-300.png = ..\TestImages\barcode-i2of5-300.png
		..\TestImages\barcode-upc-300.png = ..\TestImages\barcode-upc-300.png
		..\TestImages\barcodetest1.jpg = ..\TestImages\barcodetest1.jpg
		..\TestImages\barcodetest2.jpg = ..\TestImages\barcodetest2.jpg
		..\TestImages\bigweasel2.4c.png = ..\TestImages\bigweasel2.4c.png
		..\TestImages\binding-example.45.jpg = ..\TestImages\binding-example.45.jpg
		..\TestImages\blend-green1.jpg = ..\TestImages\blend-green1.jpg
		..\TestImages\blend-green2.png = ..\TestImages\blend-green2.png
		..\TestImages\blend-green3.png = ..\TestImages\blend-green3.png
		..\TestImages\blend-orange.jpg = ..\TestImages\blend-orange.jpg
		..\TestImages\blend-red.png = ..\TestImages\blend-red.png
		..\TestImages\blend-yellow.jpg = ..\TestImages\blend-yellow.jpg
		..\TestImages\blender1.tif = ..\TestImages\blender1.tif
		..\TestImages\blender8.png = ..\TestImages\blender8.png
		..\TestImages\blendtext.tif = ..\TestImages\blendtext.tif
		..\TestImages\books_logo.png = ..\TestImages\books_logo.png
		..\TestImages\boxa1.ba = ..\TestImages\boxa1.ba
		..\TestImages\boxa2.ba = ..\TestImages\boxa2.ba
		..\TestImages\boxa3.ba = ..\TestImages\boxa3.ba
		..\TestImages\boxa4.ba = ..\TestImages\boxa4.ba
		..\TestImages\boxedpage.jpg = ..\TestImages\boxedpage.jpg
		..\TestImages\brev.06.75.jpg = ..\TestImages\brev.06.75.jpg
		..\TestImages\brev.10.75.jpg = ..\TestImages\brev.10.75.jpg
		..\TestImages\brev.14.75.jpg = ..\TestImages\brev.14.75.jpg
		..\TestImages\brev.20.75.jpg = ..\TestImages\brev.20.75.jpg
		..\TestImages\brev.36.75.jpg = ..\TestImages\brev.36.75.jpg
		..\TestImages\brev.53.75.jpg = ..\TestImages\brev.53.75.jpg
		..\TestImages\brev.56.75.jpg = ..\TestImages\brev.56.75.jpg
		..\TestImages\breviar.38.150.jpg = ..\TestImages\breviar.38.150.jpg
		..\TestImages\brothers.150.jpg = ..\TestImages\brothers.150.jpg
		..\TestImages\candelabrum.011.jpg = ..\TestImages\candelabrum.011.jpg
		..\TestImages\cat.007.jpg = ..\TestImages\cat.007.jpg
		..\TestImages\cat.035.jpg = ..\TestImages\cat.035.jpg
		..\TestImages\cavalerie.11.jpg = ..\TestImages\cavalerie.11.jpg
		..\TestImages\cavalerie.29.jpg = ..\TestImages\cavalerie.29.jpg
		..\TestImages\char.tif = ..\TestImages\char.tif
		..\TestImages\chars-10.tif = ..\TestImages\chars-10.tif
		..\TestImages\chars-12.tif = ..\TestImages\chars-12.tif
		..\TestImages\chars-14.tif = ..\TestImages\chars-14.tif
		..\TestImages\chars-16.tif = ..\TestImages\chars-16.tif
		..\TestImages\chars-18.tif = ..\TestImages\chars-18.tif
		..\TestImages\chars-20.tif = ..\TestImages\chars-20.tif
		..\TestImages\chars-4.tif = ..\TestImages\chars-4.tif
		..\TestImages\chars-6.tif = ..\TestImages\chars-6.tif
		..\TestImages\chars-8.tif = ..\TestImages\chars-8.tif
		..\TestImages\church.png = ..\TestImages\church.png
		..\TestImages\coffeebeans.png = ..\TestImages\coffeebeans.png
		..\TestImages\color-wheel-hue.jpg = ..\TestImages\color-wheel-hue.jpg
		..\TestImages\colorpage.030.jpg = ..\TestImages\colorpage.030.jpg
		..\TestImages\colorseg.jpg = ..\TestImages\colorseg.jpg
		..\TestImages\comap.063.jpg = ..\TestImages\comap.063.jpg
		..\TestImages\comap.068.jpg = ..\TestImages\comap.068.jpg
		..\TestImages\comap.073.jpg = ..\TestImages\comap.073.jpg
		..\TestImages\comap.100.jpg = ..\TestImages\comap.100.jpg
		..\TestImages\comap.110.jpg = ..\TestImages\comap.110.jpg
		..\TestImages\comap.118.jpg = ..\TestImages\comap.118.jpg
		..\TestImages\contrast-orig-60.jpg = ..\TestImages\contrast-orig-60.jpg
		..\TestImages\contrast1.jpg = ..\TestImages\contrast1.jpg
		..\TestImages\cootoots.png = ..\TestImages\cootoots.png
		..\TestImages\copernicus.png = ..\TestImages\copernicus.png
		..\TestImages\dave-orig.png = ..\TestImages\dave-orig.png
		..\TestImages\dinos.pac = ..\TestImages\dinos.pac
		..\TestImages\dreyfus2.png = ..\TestImages\dreyfus2.png
		..\TestImages\dreyfus4.png = ..\TestImages\dreyfus4.png
		..\TestImages\dreyfus8.png = ..\TestImages\dreyfus8.png
		..\TestImages\feyn-fract.tif = ..\TestImages\feyn-fract.tif
		..\TestImages\feyn-fract2.tif = ..\TestImages\feyn-fract2.tif
		..\TestImages\feyn-word.tif = ..\TestImages\feyn-word.tif
		..\TestImages\feyn.tif = ..\TestImages\feyn.tif
		..\TestImages\feynman-stamp.jpg = ..\TestImages\feynman-stamp.jpg
		..\TestImages\fish24.jpg = ..\TestImages\fish24.jpg
		..\TestImages\flipsels.txt = ..\TestImages\flipsels.txt
		..\TestImages\form1.tif = ..\TestImages\form1.tif
		..\TestImages\form2.tif = ..\TestImages\form2.tif
		..\TestImages\german.png = ..\TestImages\german.png
		..\TestImages\google-searchbox.png = ..\TestImages\google-searchbox.png
		..\TestImages\gplotdata.example = ..\TestImages\gplotdata.example
		..\TestImages\graytext.png = ..\TestImages\graytext.png
		..\TestImages\greencover.jpg = ..\TestImages\greencover.jpg
		..\TestImages\hardlight1_1.jpg = ..\TestImages\hardlight1_1.jpg
		..\TestImages\hardlight1_2.jpg = ..\TestImages\hardlight1_2.jpg
		..\TestImages\hardlight2_1.jpg = ..\TestImages\hardlight2_1.jpg
		..\TestImages\hardlight2_2.jpg = ..\TestImages\hardlight2_2.jpg
		..\TestImages\harmoniam-11.tif = ..\TestImages\harmoniam-11.tif
		..\TestImages\harmoniam100-11.png = ..\TestImages\harmoniam100-11.png
		..\TestImages\hmttemplate1.txt = ..\TestImages\hmttemplate1.txt
		..\TestImages\hmttemplate2.txt = ..\TestImages\hmttemplate2.txt
		..\TestImages\hole-filler.png = ..\TestImages\hole-filler.png
		..\TestImages\italic.png = ..\TestImages\italic.png
		..\TestImages\jpeg-coded.tif = ..\TestImages\jpeg-coded.tif
		..\TestImages\juditharismax.jpg = ..\TestImages\juditharismax.jpg
		..\TestImages\karen8.jpg = ..\TestImages\karen8.jpg
		..\TestImages\keystone.png = ..\TestImages\keystone.png
		..\TestImages\lapide.052.100.jpg = ..\TestImages\lapide.052.100.jpg
		..\TestImages\Leptonica.jpg = ..\TestImages\Leptonica.jpg
		..\TestImages\lighttext.jpg = ..\TestImages\lighttext.jpg
		..\TestImages\lion-mask.00010.tif = ..\TestImages\lion-mask.00010.tif
		..\TestImages\lion-mask.00016.tif = ..\TestImages\lion-mask.00016.tif
		..\TestImages\lion-page.00010.jpg = ..\TestImages\lion-page.00010.jpg
		..\TestImages\lion-page.00011.png = ..\TestImages\lion-page.00011.png
		..\TestImages\lion-page.00012.png = ..\TestImages\lion-page.00012.png
		..\TestImages\lion-page.00013.png = ..\TestImages\lion-page.00013.png
		..\TestImages\lion-page.00016.jpg = ..\TestImages\lion-page.00016.jpg
		..\TestImages\lion-page.00017.png = ..\TestImages\lion-page.00017.png
		..\TestImages\lucasta-frag.jpg = ..\TestImages\lucasta-frag.jpg
		..\TestImages\lucasta.047.jpg = ..\TestImages\lucasta.047.jpg
		..\TestImages\lucasta.1.300.tif = ..\TestImages\lucasta.1.300.tif
		..\TestImages\lucasta.150.jpg = ..\TestImages\lucasta.150.jpg
		..\TestImages\lyra.005.jpg = ..\TestImages\lyra.005.jpg
		..\TestImages\lyra.036.jpg = ..\TestImages\lyra.036.jpg
		..\TestImages\lyra.5.na = ..\TestImages\lyra.5.na
		..\TestImages\map.057.jpg = ..\TestImages\map.057.jpg
		..\TestImages\map1.jpg = ..\TestImages\map1.jpg
		..\TestImages\marge.jpg = ..\TestImages\marge.jpg
		..\TestImages\morphtemplate1.txt = ..\TestImages\morphtemplate1.txt
		..\TestImages\morphtemplate2.txt = ..\TestImages\morphtemplate2.txt
		..\TestImages\pageseg1.tif = ..\TestImages\pageseg1.tif
		..\TestImages\pageseg2-mask.png = ..\TestImages\pageseg2-mask.png
		..\TestImages\pageseg2-seed.png = ..\TestImages\pageseg2-seed.png
		..\TestImages\pageseg2.tif = ..\TestImages\pageseg2.tif
		..\TestImages\pageseg3.tif = ..\TestImages\pageseg3.tif
		..\TestImages\pageseg4.tif = ..\TestImages\pageseg4.tif
		..\TestImages\patent.png = ..\TestImages\patent.png
		..\TestImages\pedante.079.jpg = ..\TestImages\pedante.079.jpg
		..\TestImages\percolate-4cc.png = ..\TestImages\percolate-4cc.png
		..\TestImages\percolate-8cc.png = ..\TestImages\percolate-8cc.png
		..\TestImages\projectionstats.jpg = ..\TestImages\projectionstats.jpg
		..\TestImages\rabi-tiny.png = ..\TestImages\rabi-tiny.png
		..\TestImages\rabi.png = ..\TestImages\rabi.png
		..\TestImages\raggededge.png = ..\TestImages\raggededge.png
		..\TestImages\redcover.jpg = ..\TestImages\redcover.jpg
		..\TestImages\rock.png = ..\TestImages\rock.png
		..\TestImages\scots-frag.tif = ..\TestImages\scots-frag.tif
		..\TestImages\sevens.tif = ..\TestImages\sevens.tif
		..\TestImages\shearer.148.tif = ..\TestImages\shearer.148.tif
		..\TestImages\showboxes.pac = ..\TestImages\showboxes.pac
		..\TestImages\showboxes1.baa = ..\TestImages\showboxes1.baa
		..\TestImages\showboxes2.baa = ..\TestImages\showboxes2.baa
		..\TestImages\speckle.png = ..\TestImages\speckle.png
		..\TestImages\speckle2.png = ..\TestImages\speckle2.png
		..\TestImages\speckle4.png = ..\TestImages\speckle4.png
		..\TestImages\stampede2.jpg = ..\TestImages\stampede2.jpg
		..\TestImages\stringtemplate1.txt = ..\TestImages\stringtemplate1.txt
		..\TestImages\stringtemplate2.txt = ..\TestImages\stringtemplate2.txt
		..\TestImages\sudoku1.dat = ..\TestImages\sudoku1.dat
		..\TestImages\sudoku2.dat = ..\TestImages\sudoku2.dat
		..\TestImages\sudoku3.dat = ..\TestImages\sudoku3.dat
		..\TestImages\sudoku4.dat = ..\TestImages\sudoku4.dat
		..\TestImages\sudoku5.dat = ..\TestImages\sudoku5.dat
		..\TestImages\sudoku6.dat = ..\TestImages\sudoku6.dat
		..\TestImages\sudoku7.dat = ..\TestImages\sudoku7.dat
		..\TestImages\table.15.tif = ..\TestImages\table.15.tif
		..\TestImages\table.150.png = ..\TestImages\table.150.png
		..\TestImages\table.27.tif = ..\TestImages\table.27.tif
		..\TestImages\test-1bit-alpha.png = ..\TestImages\test-1bit-alpha.png
		..\TestImages\test-87220.59.png = ..\TestImages\test-87220.59.png
		..\TestImages\test-cmap-alpha.png = ..\TestImages\test-cmap-alpha.png
		..\TestImages\test-cmap-alpha2.png = ..\TestImages\test-cmap-alpha2.png
		..\TestImages\test-fulltrans-alpha.png = ..\TestImages\test-fulltrans-alpha.png
		..\TestImages\test-gray-alpha.png = ..\TestImages\test-gray-alpha.png
		..\TestImages\test1.bmp = ..\TestImages\test1.bmp
		..\TestImages\test1.png = ..\TestImages\test1.png
		..\TestImages\test16.png = ..\TestImages\test16.png
		..\TestImages\test16.tif = ..\TestImages\test16.tif
		..\TestImages\test24.jpg = ..\TestImages\test24.jpg
		..\TestImages\test32-alpha.png = ..\TestImages\test32-alpha.png
		..\TestImages\test8.jpg = ..\TestImages\test8.jpg
		..\TestImages\testangle.na = ..\TestImages\testangle.na
		..\TestImages\testfile1.pdf = ..\TestImages\testfile1.pdf
		..\TestImages\testfile2.pdf = ..\TestImages\testfile2.pdf
		..\TestImages\testscore.na = ..\TestImages\testscore.na
		..\TestImages\tetons.jpg = ..\TestImages\tetons.jpg
		..\TestImages\tickets.tif = ..\TestImages\tickets.tif
		..\TestImages\toc.99.tif = ..\TestImages\toc.99.tif
		..\TestImages\topotest.png = ..\TestImages\topotest.png
		..\TestImages\tribune-page-4x.png = ..\TestImages\tribune-page-4x.png
		..\TestImages\tribune-t.png = ..\TestImages\tribune-t.png
		..\TestImages\tribune-word.png = ..\TestImages\tribune-word.png
		..\TestImages\turingtest.png = ..\TestImages\turingtest.png
		..\TestImages\w91frag.jpg = ..\TestImages\w91frag.jpg
		..\TestImages\warped_paper.jpg = ..\TestImages\warped_paper.jpg
		..\TestImages\warped_sudoku.jpg = ..\TestImages\warped_sudoku.jpg
		..\TestImages\weasel-113c.png = ..\TestImages\weasel-113c.png
		..\TestImages\weasel-44c.png = ..\TestImages\weasel-44c.png
		..\TestImages\weasel-4c.2.png = ..\TestImages\weasel-4c.2.png
		..\TestImages\weasel-64g.png = ..\TestImages\weasel-64g.png
		..\TestImages\weasel-8g.png = ..\TestImages\weasel-8g.png
		..\TestImages\weasel2.4c.png = ..\TestImages\weasel2.4c.png
		..\TestImages\weasel2.4g.png = ..\TestImages\weasel2.4g.png
		..\TestImages\weasel2.png = ..\TestImages\weasel2.png
		..\TestImages\weasel32.png = ..\TestImages\weasel32.png
		..\TestImages\weasel4.11c.png = ..\TestImages\weasel4.11c.png
		..\TestImages\weasel4.16c.png = ..\TestImages\weasel4.16c.png
		..\TestImages\weasel4.16g.png = ..\TestImages\weasel4.16g.png
		..\TestImages\weasel4.5g.png = ..\TestImages\weasel4.5g.png
		..\TestImages\weasel4.8g.png = ..\TestImages\weasel4.8g.png
		..\TestImages\weasel4.png = ..\TestImages\weasel4.png
		..\TestImages\weasel8.149g.png = ..\TestImages\weasel8.149g.png
		..\TestImages\weasel8.16g.nocmap.png = ..\TestImages\weasel8.16g.nocmap.png
		..\TestImages\weasel8.16g.png = ..\TestImages\weasel8.16g.png
		..\TestImages\weasel8.240c.png = ..\TestImages\weasel8.240c.png
		..\TestImages\weasel8.5g.nocmap.png = ..\TestImages\weasel8.5g.nocmap.png
		..\TestImages\weasel8.5g.png = ..\TestImages\weasel8.5g.png
		..\TestImages\weasel8.png = ..\TestImages\weasel8.png
		..\TestImages\wet-day.jpg = ..\TestImages\wet-day.jpg
		..\TestImages\witten.tif = ..\TestImages\witten.tif
		..\TestImages\words.15.tif = ..\TestImages\words.15.tif
		..\TestImages\words.44.tif = ..\TestImages\words.44.tif
		..\TestImages\wyom.jpg = ..\TestImages\wyom.jpg
		..\TestImages\zanotti-78.jpg = ..\TestImages\zanotti-78.jpg
	EndProjectSection
EndProject
Global
	GlobalSection(SolutionConfigurationPlatforms) = preSolution
		Debug|Any CPU = Debug|Any CPU
		Debug|Mixed Platforms = Debug|Mixed Platforms
		Debug|x64 = Debug|x64
		Debug|x86 = Debug|x86
		Release|Any CPU = Release|Any CPU
		Release|Mixed Platforms = Release|Mixed Platforms
		Release|x64 = Release|x64
		Release|x86 = Release|x86
	EndGlobalSection
	GlobalSection(ProjectConfigurationPlatforms) = postSolution
		{5141B932-2D30-47A6-87A6-557FA5F4E6A7}.Debug|Any CPU.ActiveCfg = Debug|Any CPU
		{5141B932-2D30-47A6-87A6-557FA5F4E6A7}.Debug|Any CPU.Build.0 = Debug|Any CPU
		{5141B932-2D30-47A6-87A6-557FA5F4E6A7}.Debug|Mixed Platforms.ActiveCfg = Debug|Any CPU
		{5141B932-2D30-47A6-87A6-557FA5F4E6A7}.Debug|Mixed Platforms.Build.0 = Debug|Any CPU
		{5141B932-2D30-47A6-87A6-557FA5F4E6A7}.Debug|x64.ActiveCfg = Debug|x64
		{5141B932-2D30-47A6-87A6-557FA5F4E6A7}.Debug|x64.Build.0 = Debug|x64
		{5141B932-2D30-47A6-87A6-557FA5F4E6A7}.Debug|x86.ActiveCfg = Debug|Any CPU
		{5141B932-2D30-47A6-87A6-557FA5F4E6A7}.Debug|x86.Build.0 = Debug|Any CPU
		{5141B932-2D30-47A6-87A6-557FA5F4E6A7}.Release|Any CPU.ActiveCfg = Release|Any CPU
		{5141B932-2D30-47A6-87A6-557FA5F4E6A7}.Release|Any CPU.Build.0 = Release|Any CPU
		{5141B932-2D30-47A6-87A6-557FA5F4E6A7}.Release|Mixed Platforms.ActiveCfg = Release|Any CPU
		{5141B932-2D30-47A6-87A6-557FA5F4E6A7}.Release|Mixed Platforms.Build.0 = Release|Any CPU
		{5141B932-2D30-47A6-87A6-557FA5F4E6A7}.Release|x64.ActiveCfg = Release|x64
		{5141B932-2D30-47A6-87A6-557FA5F4E6A7}.Release|x64.Build.0 = Release|x64
		{5141B932-2D30-47A6-87A6-557FA5F4E6A7}.Release|x86.ActiveCfg = Release|Any CPU
		{49C59F6B-95E7-4545-BDE9-DE5446464B16}.Debug|Any CPU.ActiveCfg = Debug|x86
		{49C59F6B-95E7-4545-BDE9-DE5446464B16}.Debug|Mixed Platforms.ActiveCfg = Debug|x86
		{49C59F6B-95E7-4545-BDE9-DE5446464B16}.Debug|Mixed Platforms.Build.0 = Debug|x86
		{49C59F6B-95E7-4545-BDE9-DE5446464B16}.Debug|x64.ActiveCfg = Debug|x64
		{49C59F6B-95E7-4545-BDE9-DE5446464B16}.Debug|x64.Build.0 = Debug|x64
		{49C59F6B-95E7-4545-BDE9-DE5446464B16}.Debug|x86.ActiveCfg = Debug|x86
		{49C59F6B-95E7-4545-BDE9-DE5446464B16}.Debug|x86.Build.0 = Debug|x86
		{49C59F6B-95E7-4545-BDE9-DE5446464B16}.Release|Any CPU.ActiveCfg = Release|x86
		{49C59F6B-95E7-4545-BDE9-DE5446464B16}.Release|Mixed Platforms.ActiveCfg = Release|x86
		{49C59F6B-95E7-4545-BDE9-DE5446464B16}.Release|Mixed Platforms.Build.0 = Release|x86
		{49C59F6B-95E7-4545-BDE9-DE5446464B16}.Release|x64.ActiveCfg = Release|x64
		{49C59F6B-95E7-4545-BDE9-DE5446464B16}.Release|x86.ActiveCfg = Release|x86
		{49C59F6B-95E7-4545-BDE9-DE5446464B16}.Release|x86.Build.0 = Release|x86
		{C1EBCAA4-69C4-4422-AA4E-DF6862E64A0F}.Debug|Any CPU.ActiveCfg = Debug|Any CPU
		{C1EBCAA4-69C4-4422-AA4E-DF6862E64A0F}.Debug|Any CPU.Build.0 = Debug|Any CPU
		{C1EBCAA4-69C4-4422-AA4E-DF6862E64A0F}.Debug|Mixed Platforms.ActiveCfg = Debug|Any CPU
		{C1EBCAA4-69C4-4422-AA4E-DF6862E64A0F}.Debug|Mixed Platforms.Build.0 = Debug|Any CPU
		{C1EBCAA4-69C4-4422-AA4E-DF6862E64A0F}.Debug|x64.ActiveCfg = Debug|x64
		{C1EBCAA4-69C4-4422-AA4E-DF6862E64A0F}.Debug|x64.Build.0 = Debug|x64
		{C1EBCAA4-69C4-4422-AA4E-DF6862E64A0F}.Debug|x86.ActiveCfg = Debug|x86
		{C1EBCAA4-69C4-4422-AA4E-DF6862E64A0F}.Debug|x86.Build.0 = Debug|x86
		{C1EBCAA4-69C4-4422-AA4E-DF6862E64A0F}.Release|Any CPU.ActiveCfg = Release|Any CPU
		{C1EBCAA4-69C4-4422-AA4E-DF6862E64A0F}.Release|Any CPU.Build.0 = Release|Any CPU
		{C1EBCAA4-69C4-4422-AA4E-DF6862E64A0F}.Release|Mixed Platforms.ActiveCfg = Release|Any CPU
		{C1EBCAA4-69C4-4422-AA4E-DF6862E64A0F}.Release|Mixed Platforms.Build.0 = Release|Any CPU
		{C1EBCAA4-69C4-4422-AA4E-DF6862E64A0F}.Release|x64.ActiveCfg = Release|x64
		{C1EBCAA4-69C4-4422-AA4E-DF6862E64A0F}.Release|x64.Build.0 = Release|x64
		{C1EBCAA4-69C4-4422-AA4E-DF6862E64A0F}.Release|x86.ActiveCfg = Release|Any CPU
		{C1EBCAA4-69C4-4422-AA4E-DF6862E64A0F}.Release|x86.Build.0 = Release|Any CPU
	EndGlobalSection
	GlobalSection(SolutionProperties) = preSolution
		HideSolutionNode = FALSE
	EndGlobalSection
	GlobalSection(ExtensibilityGlobals) = postSolution
		SolutionGuid = {56708D78-99CD-4D34-9514-9A193AA46B5E}
	EndGlobalSection
EndGlobal
